
Microsoft Visual Studio Solution File, Format Version 12.00
# Visual Studio Version 17
VisualStudioVersion = 17.7.34202.233
MinimumVisualStudioVersion = 10.0.40219.1
Project("{9A19103F-16F7-4668-BE54-9A1E7A4F7556}") = "InMemoryApp.Web", "InMemoryApp.Web\InMemoryApp.Web.csproj", "{D7589B42-9A1C-4D30-B484-CB00022F1C9D}"
EndProject
Project("{9A19103F-16F7-4668-BE54-9A1E7A4F7556}") = "IDistributedCacheRedisApp.Web", "IDistributedCacheRedisApp.Web\IDistributedCacheRedisApp.Web.csproj", "{959D8201-BCD7-4AA0-ADCC-D4B54468387F}"
EndProject
Project("{9A19103F-16F7-4668-BE54-9A1E7A4F7556}") = "StackExchangeApi.Web", "StackExchangeApi.Web\StackExchangeApi.Web.csproj", "{D238CFED-69C7-46A5-83ED-924402E4B6A9}"
EndProject
Project("{FAE04EC0-301F-11D3-BF4B-00C04F79EFBC}") = "RedisExampleApp.Api", "RedisExampleApp.Api\RedisExampleApp.Api.csproj", "{D50BEDC5-D261-44B9-A903-EF3A274354B0}"
EndProject
Project("{FAE04EC0-301F-11D3-BF4B-00C04F79EFBC}") = "RedisExampleApp.Cache", "RedisExampleApp.Cache\RedisExampleApp.Cache.csproj", "{802A13A1-FF26-4052-8659-8CD002989B6F}"
EndProject
Global
	GlobalSection(SolutionConfigurationPlatforms) = preSolution
		Debug|Any CPU = Debug|Any CPU
		Release|Any CPU = Release|Any CPU
	EndGlobalSection
	GlobalSection(ProjectConfigurationPlatforms) = postSolution
		{D7589B42-9A1C-4D30-B484-CB00022F1C9D}.Debug|Any CPU.ActiveCfg = Debug|Any CPU
		{D7589B42-9A1C-4D30-B484-CB00022F1C9D}.Debug|Any CPU.Build.0 = Debug|Any CPU
		{D7589B42-9A1C-4D30-B484-CB00022F1C9D}.Release|Any CPU.ActiveCfg = Release|Any CPU
		{D7589B42-9A1C-4D30-B484-CB00022F1C9D}.Release|Any CPU.Build.0 = Release|Any CPU
		{959D8201-BCD7-4AA0-ADCC-D4B54468387F}.Debug|Any CPU.ActiveCfg = Debug|Any CPU
		{959D8201-BCD7-4AA0-ADCC-D4B54468387F}.Debug|Any CPU.Build.0 = Debug|Any CPU
		{959D8201-BCD7-4AA0-ADCC-D4B54468387F}.Release|Any CPU.ActiveCfg = Release|Any CPU
		{959D8201-BCD7-4AA0-ADCC-D4B54468387F}.Release|Any CPU.Build.0 = Release|Any CPU
		{D238CFED-69C7-46A5-83ED-924402E4B6A9}.Debug|Any CPU.ActiveCfg = Debug|Any CPU
		{D238CFED-69C7-46A5-83ED-924402E4B6A9}.Debug|Any CPU.Build.0 = Debug|Any CPU
		{D238CFED-69C7-46A5-83ED-924402E4B6A9}.Release|Any CPU.ActiveCfg = Release|Any CPU
		{D238CFED-69C7-46A5-83ED-924402E4B6A9}.Release|Any CPU.Build.0 = Release|Any CPU
		{D50BEDC5-D261-44B9-A903-EF3A274354B0}.Debug|Any CPU.ActiveCfg = Debug|Any CPU
		{D50BEDC5-D261-44B9-A903-EF3A274354B0}.Debug|Any CPU.Build.0 = Debug|Any CPU
		{D50BEDC5-D261-44B9-A903-EF3A274354B0}.Release|Any CPU.ActiveCfg = Release|Any CPU
		{D50BEDC5-D261-44B9-A903-EF3A274354B0}.Release|Any CPU.Build.0 = Release|Any CPU
		{802A13A1-FF26-4052-8659-8CD002989B6F}.Debug|Any CPU.ActiveCfg = Debug|Any CPU
		{802A13A1-FF26-4052-8659-8CD002989B6F}.Debug|Any CPU.Build.0 = Debug|Any CPU
		{802A13A1-FF26-4052-8659-8CD002989B6F}.Release|Any CPU.ActiveCfg = Release|Any CPU
		{802A13A1-FF26-4052-8659-8CD002989B6F}.Release|Any CPU.Build.0 = Release|Any CPU
	EndGlobalSection
	GlobalSection(SolutionProperties) = preSolution
		HideSolutionNode = FALSE
	EndGlobalSection
	GlobalSection(ExtensibilityGlobals) = postSolution
		SolutionGuid = {64104D4A-01CD-4FF5-9DD3-31731CEF8EC4}
	EndGlobalSection
EndGlobal
